
Microsoft Visual Studio Solution File, Format Version 12.00
# Visual Studio Version 17
VisualStudioVersion = 17.9.34728.123
MinimumVisualStudioVersion = 10.0.40219.1
Project("{FAE04EC0-301F-11D3-BF4B-00C04F79EFBC}") = "ReceitaAPI", "ReceitaAPI\ReceitaAPI.csproj", "{A1592AA9-EB6C-4B38-8F20-9D05A47C67E3}"
EndProject
Global
	GlobalSection(SolutionConfigurationPlatforms) = preSolution
		Debug|Any CPU = Debug|Any CPU
		Release|Any CPU = Release|Any CPU
	EndGlobalSection
	GlobalSection(ProjectConfigurationPlatforms) = postSolution
		{A1592AA9-EB6C-4B38-8F20-9D05A47C67E3}.Debug|Any CPU.ActiveCfg = Debug|Any CPU
		{A1592AA9-EB6C-4B38-8F20-9D05A47C67E3}.Debug|Any CPU.Build.0 = Debug|Any CPU
		{A1592AA9-EB6C-4B38-8F20-9D05A47C67E3}.Release|Any CPU.ActiveCfg = Release|Any CPU
		{A1592AA9-EB6C-4B38-8F20-9D05A47C67E3}.Release|Any CPU.Build.0 = Release|Any CPU
	EndGlobalSection
	GlobalSection(SolutionProperties) = preSolution
		HideSolutionNode = FALSE
	EndGlobalSection
	GlobalSection(ExtensibilityGlobals) = postSolution
		SolutionGuid = {950AB13B-66CD-41F9-BF54-B5B89D7EC3A0}
	EndGlobalSection
EndGlobal
